
Microsoft Visual Studio Solution File, Format Version 12.00
# Visual Studio Version 16
VisualStudioVersion = 16.0.29009.5
MinimumVisualStudioVersion = 10.0.40219.1
Project("{FAE04EC0-301F-11D3-BF4B-00C04F79EFBC}") = "CarShopView", "CarShopView\CarShopView.csproj", "{08AA1B60-8314-46DA-87C4-DD21E073DC5F}"
EndProject
Project("{9A19103F-16F7-4668-BE54-9A1E7A4F7556}") = "CarShopBuisnessLogic", "CarShopBuisnessLogic\CarShopBuisnessLogic.csproj", "{029F4C5E-9D35-4BF8-8737-D78D4E3C29DA}"
EndProject
Project("{9A19103F-16F7-4668-BE54-9A1E7A4F7556}") = "CarShopListImplement", "CarShopListImplement\CarShopListImplement.csproj", "{05F53660-2C0F-4651-B38F-A45798759CB9}"
EndProject
Project("{9A19103F-16F7-4668-BE54-9A1E7A4F7556}") = "CarShopFileImplement", "CarShopFileImplement\CarShopFileImplement.csproj", "{B9C2FB9E-0BF6-42D1-A752-D14C6D8D4999}"
EndProject
Project("{9A19103F-16F7-4668-BE54-9A1E7A4F7556}") = "CarShopDatabaseImplement", "CarShopDatabaseImplement\CarShopDatabaseImplement.csproj", "{B65C6A1A-44D9-415E-84B9-208A0A65CF38}"
EndProject
Project("{9A19103F-16F7-4668-BE54-9A1E7A4F7556}") = "CarShopRestApi", "CarShopRestApi\CarShopRestApi.csproj", "{39AD2E59-D7E3-48BD-AD66-ADACE447098A}"
EndProject
Project("{9A19103F-16F7-4668-BE54-9A1E7A4F7556}") = "CarShopClientView", "CarShopClientView\CarShopClientView.csproj", "{DEBBFD49-665C-487C-8C07-75F91B69AF59}"
EndProject
Project("{FAE04EC0-301F-11D3-BF4B-00C04F79EFBC}") = "CarShopStorageView", "CarShopStorageView\CarShopStorageView.csproj", "{2035EDD4-840D-4612-AF03-D8765471AA42}"
EndProject
Global
	GlobalSection(SolutionConfigurationPlatforms) = preSolution
		Debug|Any CPU = Debug|Any CPU
		Release|Any CPU = Release|Any CPU
	EndGlobalSection
	GlobalSection(ProjectConfigurationPlatforms) = postSolution
		{08AA1B60-8314-46DA-87C4-DD21E073DC5F}.Debug|Any CPU.ActiveCfg = Debug|Any CPU
		{08AA1B60-8314-46DA-87C4-DD21E073DC5F}.Debug|Any CPU.Build.0 = Debug|Any CPU
		{08AA1B60-8314-46DA-87C4-DD21E073DC5F}.Release|Any CPU.ActiveCfg = Release|Any CPU
		{08AA1B60-8314-46DA-87C4-DD21E073DC5F}.Release|Any CPU.Build.0 = Release|Any CPU
		{029F4C5E-9D35-4BF8-8737-D78D4E3C29DA}.Debug|Any CPU.ActiveCfg = Debug|Any CPU
		{029F4C5E-9D35-4BF8-8737-D78D4E3C29DA}.Debug|Any CPU.Build.0 = Debug|Any CPU
		{029F4C5E-9D35-4BF8-8737-D78D4E3C29DA}.Release|Any CPU.ActiveCfg = Release|Any CPU
		{029F4C5E-9D35-4BF8-8737-D78D4E3C29DA}.Release|Any CPU.Build.0 = Release|Any CPU
		{05F53660-2C0F-4651-B38F-A45798759CB9}.Debug|Any CPU.ActiveCfg = Debug|Any CPU
		{05F53660-2C0F-4651-B38F-A45798759CB9}.Debug|Any CPU.Build.0 = Debug|Any CPU
		{05F53660-2C0F-4651-B38F-A45798759CB9}.Release|Any CPU.ActiveCfg = Release|Any CPU
		{05F53660-2C0F-4651-B38F-A45798759CB9}.Release|Any CPU.Build.0 = Release|Any CPU
		{B9C2FB9E-0BF6-42D1-A752-D14C6D8D4999}.Debug|Any CPU.ActiveCfg = Debug|Any CPU
		{B9C2FB9E-0BF6-42D1-A752-D14C6D8D4999}.Debug|Any CPU.Build.0 = Debug|Any CPU
		{B9C2FB9E-0BF6-42D1-A752-D14C6D8D4999}.Release|Any CPU.ActiveCfg = Release|Any CPU
		{B9C2FB9E-0BF6-42D1-A752-D14C6D8D4999}.Release|Any CPU.Build.0 = Release|Any CPU
		{B65C6A1A-44D9-415E-84B9-208A0A65CF38}.Debug|Any CPU.ActiveCfg = Debug|Any CPU
		{B65C6A1A-44D9-415E-84B9-208A0A65CF38}.Debug|Any CPU.Build.0 = Debug|Any CPU
		{B65C6A1A-44D9-415E-84B9-208A0A65CF38}.Release|Any CPU.ActiveCfg = Release|Any CPU
		{B65C6A1A-44D9-415E-84B9-208A0A65CF38}.Release|Any CPU.Build.0 = Release|Any CPU
		{39AD2E59-D7E3-48BD-AD66-ADACE447098A}.Debug|Any CPU.ActiveCfg = Debug|Any CPU
		{39AD2E59-D7E3-48BD-AD66-ADACE447098A}.Debug|Any CPU.Build.0 = Debug|Any CPU
		{39AD2E59-D7E3-48BD-AD66-ADACE447098A}.Release|Any CPU.ActiveCfg = Release|Any CPU
		{39AD2E59-D7E3-48BD-AD66-ADACE447098A}.Release|Any CPU.Build.0 = Release|Any CPU
		{DEBBFD49-665C-487C-8C07-75F91B69AF59}.Debug|Any CPU.ActiveCfg = Debug|Any CPU
		{DEBBFD49-665C-487C-8C07-75F91B69AF59}.Debug|Any CPU.Build.0 = Debug|Any CPU
		{DEBBFD49-665C-487C-8C07-75F91B69AF59}.Release|Any CPU.ActiveCfg = Release|Any CPU
		{DEBBFD49-665C-487C-8C07-75F91B69AF59}.Release|Any CPU.Build.0 = Release|Any CPU
		{2035EDD4-840D-4612-AF03-D8765471AA42}.Debug|Any CPU.ActiveCfg = Debug|Any CPU
		{2035EDD4-840D-4612-AF03-D8765471AA42}.Debug|Any CPU.Build.0 = Debug|Any CPU
		{2035EDD4-840D-4612-AF03-D8765471AA42}.Release|Any CPU.ActiveCfg = Release|Any CPU
		{2035EDD4-840D-4612-AF03-D8765471AA42}.Release|Any CPU.Build.0 = Release|Any CPU
	EndGlobalSection
	GlobalSection(SolutionProperties) = preSolution
		HideSolutionNode = FALSE
	EndGlobalSection
	GlobalSection(ExtensibilityGlobals) = postSolution
		SolutionGuid = {BBCD4917-1CB6-4E2F-91D5-5686C0256007}
	EndGlobalSection
EndGlobal
